
Microsoft Visual Studio Solution File, Format Version 12.00
# Visual Studio Version 16
VisualStudioVersion = 16.0.31424.327
MinimumVisualStudioVersion = 10.0.40219.1
Project("{9A19103F-16F7-4668-BE54-9A1E7A4F7556}") = "AcademyWeek1", "AcademyWeek1\AcademyWeek1.csproj", "{96DDFD6E-C92B-4AFF-9859-18E6197A0DD1}"
EndProject
Project("{9A19103F-16F7-4668-BE54-9A1E7A4F7556}") = "AcademyWeek1.Core", "AcademyWeek1.Core\AcademyWeek1.Core.csproj", "{6D1BC9BB-5B35-474F-950C-7326082ED3F5}"
EndProject
Project("{FAE04EC0-301F-11D3-BF4B-00C04F79EFBC}") = "AcademyWeek1.AdoRepository", "AcademyWeek1.AdoRepository\AcademyWeek1.AdoRepository.csproj", "{C59619F5-C879-49BC-8F67-AE74F4FCB088}"
EndProject
Project("{FAE04EC0-301F-11D3-BF4B-00C04F79EFBC}") = "AcademyWeek1.ScritturaSuFile", "AcademyWeek1.ScritturaSuFile\AcademyWeek1.ScritturaSuFile.csproj", "{1FF0F062-07CC-47AC-BE67-8F436FB1BF83}"
EndProject
Global
	GlobalSection(SolutionConfigurationPlatforms) = preSolution
		Debug|Any CPU = Debug|Any CPU
		Release|Any CPU = Release|Any CPU
	EndGlobalSection
	GlobalSection(ProjectConfigurationPlatforms) = postSolution
		{96DDFD6E-C92B-4AFF-9859-18E6197A0DD1}.Debug|Any CPU.ActiveCfg = Debug|Any CPU
		{96DDFD6E-C92B-4AFF-9859-18E6197A0DD1}.Debug|Any CPU.Build.0 = Debug|Any CPU
		{96DDFD6E-C92B-4AFF-9859-18E6197A0DD1}.Release|Any CPU.ActiveCfg = Release|Any CPU
		{96DDFD6E-C92B-4AFF-9859-18E6197A0DD1}.Release|Any CPU.Build.0 = Release|Any CPU
		{6D1BC9BB-5B35-474F-950C-7326082ED3F5}.Debug|Any CPU.ActiveCfg = Debug|Any CPU
		{6D1BC9BB-5B35-474F-950C-7326082ED3F5}.Debug|Any CPU.Build.0 = Debug|Any CPU
		{6D1BC9BB-5B35-474F-950C-7326082ED3F5}.Release|Any CPU.ActiveCfg = Release|Any CPU
		{6D1BC9BB-5B35-474F-950C-7326082ED3F5}.Release|Any CPU.Build.0 = Release|Any CPU
		{C59619F5-C879-49BC-8F67-AE74F4FCB088}.Debug|Any CPU.ActiveCfg = Debug|Any CPU
		{C59619F5-C879-49BC-8F67-AE74F4FCB088}.Debug|Any CPU.Build.0 = Debug|Any CPU
		{C59619F5-C879-49BC-8F67-AE74F4FCB088}.Release|Any CPU.ActiveCfg = Release|Any CPU
		{C59619F5-C879-49BC-8F67-AE74F4FCB088}.Release|Any CPU.Build.0 = Release|Any CPU
		{1FF0F062-07CC-47AC-BE67-8F436FB1BF83}.Debug|Any CPU.ActiveCfg = Debug|Any CPU
		{1FF0F062-07CC-47AC-BE67-8F436FB1BF83}.Debug|Any CPU.Build.0 = Debug|Any CPU
		{1FF0F062-07CC-47AC-BE67-8F436FB1BF83}.Release|Any CPU.ActiveCfg = Release|Any CPU
		{1FF0F062-07CC-47AC-BE67-8F436FB1BF83}.Release|Any CPU.Build.0 = Release|Any CPU
	EndGlobalSection
	GlobalSection(SolutionProperties) = preSolution
		HideSolutionNode = FALSE
	EndGlobalSection
	GlobalSection(ExtensibilityGlobals) = postSolution
		SolutionGuid = {1B44253F-2F5C-43A9-89E8-74B8A4088F43}
	EndGlobalSection
EndGlobal
